
Microsoft Visual Studio Solution File, Format Version 12.00
# Visual Studio Version 17
VisualStudioVersion = 17.13.35931.197
MinimumVisualStudioVersion = 10.0.40219.1
Project("{FAE04EC0-301F-11D3-BF4B-00C04F79EFBC}") = "Editor.Presentation", "Editor.Presentation\Editor.Presentation.csproj", "{83B423C2-2D44-4D48-9CF7-C48BC8F0B509}"
EndProject
Project("{2150E333-8FDC-42A3-9474-1A3956D46DE8}") = "Solution Items", "Solution Items", "{02EA681E-C7D8-13C7-8484-4AC65E1B71E8}"
	ProjectSection(SolutionItems) = preProject
		.editorconfig = .editorconfig
	EndProjectSection
EndProject
Project("{FAE04EC0-301F-11D3-BF4B-00C04F79EFBC}") = "Editor.Domain", "Editor.Domain\Editor.Domain.csproj", "{92574F18-2556-43DF-93FD-11E23714D900}"
EndProject
Project("{FAE04EC0-301F-11D3-BF4B-00C04F79EFBC}") = "Editor.Application", "Editor.Application\Editor.Application.csproj", "{6B58F987-7A47-4641-863C-7B0EF634C178}"
EndProject
Project("{FAE04EC0-301F-11D3-BF4B-00C04F79EFBC}") = "Editor.Infrastructure", "Editor.Infrastructure\Editor.Infrastructure.csproj", "{A80B4E10-B1CF-439C-A075-8D8E0E056869}"
EndProject
Project("{FAE04EC0-301F-11D3-BF4B-00C04F79EFBC}") = "Editor.PluginContracts", "Editor.PluginContracts\Editor.PluginContracts.csproj", "{12217B7B-F57D-4977-BCE1-76D220C9506B}"
EndProject
Global
	GlobalSection(SolutionConfigurationPlatforms) = preSolution
		Debug|Any CPU = Debug|Any CPU
		Release|Any CPU = Release|Any CPU
	EndGlobalSection
	GlobalSection(ProjectConfigurationPlatforms) = postSolution
		{83B423C2-2D44-4D48-9CF7-C48BC8F0B509}.Debug|Any CPU.ActiveCfg = Debug|Any CPU
		{83B423C2-2D44-4D48-9CF7-C48BC8F0B509}.Debug|Any CPU.Build.0 = Debug|Any CPU
		{83B423C2-2D44-4D48-9CF7-C48BC8F0B509}.Release|Any CPU.ActiveCfg = Release|Any CPU
		{83B423C2-2D44-4D48-9CF7-C48BC8F0B509}.Release|Any CPU.Build.0 = Release|Any CPU
		{92574F18-2556-43DF-93FD-11E23714D900}.Debug|Any CPU.ActiveCfg = Debug|Any CPU
		{92574F18-2556-43DF-93FD-11E23714D900}.Debug|Any CPU.Build.0 = Debug|Any CPU
		{92574F18-2556-43DF-93FD-11E23714D900}.Release|Any CPU.ActiveCfg = Release|Any CPU
		{92574F18-2556-43DF-93FD-11E23714D900}.Release|Any CPU.Build.0 = Release|Any CPU
		{6B58F987-7A47-4641-863C-7B0EF634C178}.Debug|Any CPU.ActiveCfg = Debug|Any CPU
		{6B58F987-7A47-4641-863C-7B0EF634C178}.Debug|Any CPU.Build.0 = Debug|Any CPU
		{6B58F987-7A47-4641-863C-7B0EF634C178}.Release|Any CPU.ActiveCfg = Release|Any CPU
		{6B58F987-7A47-4641-863C-7B0EF634C178}.Release|Any CPU.Build.0 = Release|Any CPU
		{A80B4E10-B1CF-439C-A075-8D8E0E056869}.Debug|Any CPU.ActiveCfg = Debug|Any CPU
		{A80B4E10-B1CF-439C-A075-8D8E0E056869}.Debug|Any CPU.Build.0 = Debug|Any CPU
		{A80B4E10-B1CF-439C-A075-8D8E0E056869}.Release|Any CPU.ActiveCfg = Release|Any CPU
		{A80B4E10-B1CF-439C-A075-8D8E0E056869}.Release|Any CPU.Build.0 = Release|Any CPU
		{12217B7B-F57D-4977-BCE1-76D220C9506B}.Debug|Any CPU.ActiveCfg = Debug|Any CPU
		{12217B7B-F57D-4977-BCE1-76D220C9506B}.Debug|Any CPU.Build.0 = Debug|Any CPU
		{12217B7B-F57D-4977-BCE1-76D220C9506B}.Release|Any CPU.ActiveCfg = Release|Any CPU
		{12217B7B-F57D-4977-BCE1-76D220C9506B}.Release|Any CPU.Build.0 = Release|Any CPU
	EndGlobalSection
	GlobalSection(SolutionProperties) = preSolution
		HideSolutionNode = FALSE
	EndGlobalSection
	GlobalSection(ExtensibilityGlobals) = postSolution
		SolutionGuid = {FD31F39F-C1B5-47DE-9CBE-6D38B65F0AD3}
	EndGlobalSection
EndGlobal
